{
  "object": {
    "pins": [
      {
        "package": "SQLCipher",
        "repositoryURL": "https://github.com/stoneburner/SQLCipher",
        "state": {
          "branch": null,
          "revision": "e42d35c830ee442ee3b4630001fe12d7a990e915",
          "version": "0.0.4"
        }
      }
    ]
  },
  "version": 1
}
